// !$*UTF8*$!
{
	archiveVersion = 1;
	classes = {
	};
	objectVersion = 56;
	objects = {

/* Begin PBXBuildFile section */
		1C036C062974AFDA0059A9D9 /* ApiManager.swift in Sources */ = {isa = PBXBuildFile; fileRef = 1C036C052974AFDA0059A9D9 /* ApiManager.swift */; };
		1C036C092974B03C0059A9D9 /* ApiAuthMethods.swift in Sources */ = {isa = PBXBuildFile; fileRef = 1C036C082974B03C0059A9D9 /* ApiAuthMethods.swift */; };
		1C6BB2C52930B18E00042567 /* AppDelegate.swift in Sources */ = {isa = PBXBuildFile; fileRef = 1C6BB2C42930B18E00042567 /* AppDelegate.swift */; };
		1C6BB2C72930B18E00042567 /* SceneDelegate.swift in Sources */ = {isa = PBXBuildFile; fileRef = 1C6BB2C62930B18E00042567 /* SceneDelegate.swift */; };
		1C6BB2C92930B18E00042567 /* ViewController.swift in Sources */ = {isa = PBXBuildFile; fileRef = 1C6BB2C82930B18E00042567 /* ViewController.swift */; };
		1C6BB2CC2930B18E00042567 /* Main.storyboard in Resources */ = {isa = PBXBuildFile; fileRef = 1C6BB2CA2930B18E00042567 /* Main.storyboard */; };
		1C6BB2CE2930B18F00042567 /* Assets.xcassets in Resources */ = {isa = PBXBuildFile; fileRef = 1C6BB2CD2930B18F00042567 /* Assets.xcassets */; };
		1C6BB2D12930B18F00042567 /* LaunchScreen.storyboard in Resources */ = {isa = PBXBuildFile; fileRef = 1C6BB2CF2930B18F00042567 /* LaunchScreen.storyboard */; };
		1C6BB2DB2930BE5200042567 /* LoginVC.swift in Sources */ = {isa = PBXBuildFile; fileRef = 1C6BB2DA2930BE5200042567 /* LoginVC.swift */; };
		1CE96C5C2974B69C000AD61A /* Auth.storyboard in Resources */ = {isa = PBXBuildFile; fileRef = 1CE96C5B2974B69C000AD61A /* Auth.storyboard */; };
		1CE96C5F2974B9DE000AD61A /* AppTextField.swift in Sources */ = {isa = PBXBuildFile; fileRef = 1CE96C5E2974B9DE000AD61A /* AppTextField.swift */; };
		1CE96C612974BABA000AD61A /* AppButton.swift in Sources */ = {isa = PBXBuildFile; fileRef = 1CE96C602974BABA000AD61A /* AppButton.swift */; };
		1CE96C632974C1B2000AD61A /* ApiResult.swift in Sources */ = {isa = PBXBuildFile; fileRef = 1CE96C622974C1B2000AD61A /* ApiResult.swift */; };
		1CE96C672974C8D4000AD61A /* BaseViewController.swift in Sources */ = {isa = PBXBuildFile; fileRef = 1CE96C662974C8D4000AD61A /* BaseViewController.swift */; };
		1CE96C692974CB4B000AD61A /* AppLoadingIndicator.swift in Sources */ = {isa = PBXBuildFile; fileRef = 1CE96C682974CB4B000AD61A /* AppLoadingIndicator.swift */; };
		1CE96C6B2974CBA4000AD61A /* ViewExtension.swift in Sources */ = {isa = PBXBuildFile; fileRef = 1CE96C6A2974CBA4000AD61A /* ViewExtension.swift */; };
		1CE96C6D2974D7A9000AD61A /* ApiConfigs.swift in Sources */ = {isa = PBXBuildFile; fileRef = 1CE96C6C2974D7A9000AD61A /* ApiConfigs.swift */; };
		1CE96C702974DBCE000AD61A /* StringExtension.swift in Sources */ = {isa = PBXBuildFile; fileRef = 1CE96C6F2974DBCE000AD61A /* StringExtension.swift */; };
		1CE96C732974E544000AD61A /* UserModel.swift in Sources */ = {isa = PBXBuildFile; fileRef = 1CE96C722974E544000AD61A /* UserModel.swift */; };
/* End PBXBuildFile section */

/* Begin PBXFileReference section */
		1C036C052974AFDA0059A9D9 /* ApiManager.swift */ = {isa = PBXFileReference; lastKnownFileType = sourcecode.swift; path = ApiManager.swift; sourceTree = "<group>"; };
		1C036C082974B03C0059A9D9 /* ApiAuthMethods.swift */ = {isa = PBXFileReference; lastKnownFileType = sourcecode.swift; path = ApiAuthMethods.swift; sourceTree = "<group>"; };
		1C6BB2C12930B18E00042567 /* TourismApplication.app */ = {isa = PBXFileReference; explicitFileType = wrapper.application; includeInIndex = 0; path = TourismApplication.app; sourceTree = BUILT_PRODUCTS_DIR; };
		1C6BB2C42930B18E00042567 /* AppDelegate.swift */ = {isa = PBXFileReference; lastKnownFileType = sourcecode.swift; path = AppDelegate.swift; sourceTree = "<group>"; };
		1C6BB2C62930B18E00042567 /* SceneDelegate.swift */ = {isa = PBXFileReference; lastKnownFileType = sourcecode.swift; path = SceneDelegate.swift; sourceTree = "<group>"; };
		1C6BB2C82930B18E00042567 /* ViewController.swift */ = {isa = PBXFileReference; lastKnownFileType = sourcecode.swift; path = ViewController.swift; sourceTree = "<group>"; };
		1C6BB2CB2930B18E00042567 /* Base */ = {isa = PBXFileReference; lastKnownFileType = file.storyboard; name = Base; path = Base.lproj/Main.storyboard; sourceTree = "<group>"; };
		1C6BB2CD2930B18F00042567 /* Assets.xcassets */ = {isa = PBXFileReference; lastKnownFileType = folder.assetcatalog; path = Assets.xcassets; sourceTree = "<group>"; };
		1C6BB2D02930B18F00042567 /* Base */ = {isa = PBXFileReference; lastKnownFileType = file.storyboard; name = Base; path = Base.lproj/LaunchScreen.storyboard; sourceTree = "<group>"; };
		1C6BB2D22930B18F00042567 /* Info.plist */ = {isa = PBXFileReference; lastKnownFileType = text.plist.xml; path = Info.plist; sourceTree = "<group>"; };
		1C6BB2DA2930BE5200042567 /* LoginVC.swift */ = {isa = PBXFileReference; lastKnownFileType = sourcecode.swift; path = LoginVC.swift; sourceTree = "<group>"; };
		1CE96C5B2974B69C000AD61A /* Auth.storyboard */ = {isa = PBXFileReference; lastKnownFileType = file.storyboard; path = Auth.storyboard; sourceTree = "<group>"; };
		1CE96C5E2974B9DE000AD61A /* AppTextField.swift */ = {isa = PBXFileReference; lastKnownFileType = sourcecode.swift; path = AppTextField.swift; sourceTree = "<group>"; };
		1CE96C602974BABA000AD61A /* AppButton.swift */ = {isa = PBXFileReference; lastKnownFileType = sourcecode.swift; path = AppButton.swift; sourceTree = "<group>"; };
		1CE96C622974C1B2000AD61A /* ApiResult.swift */ = {isa = PBXFileReference; lastKnownFileType = sourcecode.swift; path = ApiResult.swift; sourceTree = "<group>"; };
		1CE96C662974C8D4000AD61A /* BaseViewController.swift */ = {isa = PBXFileReference; lastKnownFileType = sourcecode.swift; path = BaseViewController.swift; sourceTree = "<group>"; };
		1CE96C682974CB4B000AD61A /* AppLoadingIndicator.swift */ = {isa = PBXFileReference; lastKnownFileType = sourcecode.swift; path = AppLoadingIndicator.swift; sourceTree = "<group>"; };
		1CE96C6A2974CBA4000AD61A /* ViewExtension.swift */ = {isa = PBXFileReference; lastKnownFileType = sourcecode.swift; path = ViewExtension.swift; sourceTree = "<group>"; };
		1CE96C6C2974D7A9000AD61A /* ApiConfigs.swift */ = {isa = PBXFileReference; lastKnownFileType = sourcecode.swift; path = ApiConfigs.swift; sourceTree = "<group>"; };
		1CE96C6F2974DBCE000AD61A /* StringExtension.swift */ = {isa = PBXFileReference; lastKnownFileType = sourcecode.swift; path = StringExtension.swift; sourceTree = "<group>"; };
		1CE96C722974E544000AD61A /* UserModel.swift */ = {isa = PBXFileReference; lastKnownFileType = sourcecode.swift; path = UserModel.swift; sourceTree = "<group>"; };
/* End PBXFileReference section */

/* Begin PBXFrameworksBuildPhase section */
		1C6BB2BE2930B18E00042567 /* Frameworks */ = {
			isa = PBXFrameworksBuildPhase;
			buildActionMask = 2147483647;
			files = (
			);
			runOnlyForDeploymentPostprocessing = 0;
		};
/* End PBXFrameworksBuildPhase section */

/* Begin PBXGroup section */
		1C036C032974AFB40059A9D9 /* Services */ = {
			isa = PBXGroup;
			children = (
				1C036C042974AFC50059A9D9 /* ApiService */,
			);
			path = Services;
			sourceTree = "<group>";
		};
		1C036C042974AFC50059A9D9 /* ApiService */ = {
			isa = PBXGroup;
			children = (
				1C036C072974B0230059A9D9 /* ApiParts */,
				1C036C052974AFDA0059A9D9 /* ApiManager.swift */,
				1CE96C622974C1B2000AD61A /* ApiResult.swift */,
			);
			path = ApiService;
			sourceTree = "<group>";
		};
		1C036C072974B0230059A9D9 /* ApiParts */ = {
			isa = PBXGroup;
			children = (
				1C036C082974B03C0059A9D9 /* ApiAuthMethods.swift */,
				1CE96C6C2974D7A9000AD61A /* ApiConfigs.swift */,
			);
			path = ApiParts;
			sourceTree = "<group>";
		};
		1C036C0A2974B4C20059A9D9 /* View */ = {
			isa = PBXGroup;
			children = (
				1CE96C5D2974B9B7000AD61A /* Views */,
				1C036C0B2974B4CE0059A9D9 /* Storyboards */,
			);
			path = View;
			sourceTree = "<group>";
		};
		1C036C0B2974B4CE0059A9D9 /* Storyboards */ = {
			isa = PBXGroup;
			children = (
				1C6BB2CA2930B18E00042567 /* Main.storyboard */,
				1C6BB2CF2930B18F00042567 /* LaunchScreen.storyboard */,
				1CE96C5B2974B69C000AD61A /* Auth.storyboard */,
			);
			path = Storyboards;
			sourceTree = "<group>";
		};
		1C6BB2B82930B18E00042567 = {
			isa = PBXGroup;
			children = (
				1C6BB2C32930B18E00042567 /* TourismApplication */,
				1C6BB2C22930B18E00042567 /* Products */,
			);
			sourceTree = "<group>";
		};
		1C6BB2C22930B18E00042567 /* Products */ = {
			isa = PBXGroup;
			children = (
				1C6BB2C12930B18E00042567 /* TourismApplication.app */,
			);
			name = Products;
			sourceTree = "<group>";
		};
		1C6BB2C32930B18E00042567 /* TourismApplication */ = {
			isa = PBXGroup;
			children = (
				1CE96C712974E531000AD61A /* Models */,
				1CE96C6E2974DBAD000AD61A /* Helpers */,
				1CE96C652974C8B5000AD61A /* ViewControllers */,
				1C036C0A2974B4C20059A9D9 /* View */,
				1C036C032974AFB40059A9D9 /* Services */,
				1C6BB2DA2930BE5200042567 /* LoginVC.swift */,
				1C6BB2C42930B18E00042567 /* AppDelegate.swift */,
				1C6BB2C62930B18E00042567 /* SceneDelegate.swift */,
				1C6BB2C82930B18E00042567 /* ViewController.swift */,
				1C6BB2CD2930B18F00042567 /* Assets.xcassets */,
				1C6BB2D22930B18F00042567 /* Info.plist */,
			);
			path = TourismApplication;
			sourceTree = "<group>";
		};
		1CE96C5D2974B9B7000AD61A /* Views */ = {
			isa = PBXGroup;
			children = (
				1CE96C5E2974B9DE000AD61A /* AppTextField.swift */,
				1CE96C602974BABA000AD61A /* AppButton.swift */,
				1CE96C682974CB4B000AD61A /* AppLoadingIndicator.swift */,
				1CE96C6A2974CBA4000AD61A /* ViewExtension.swift */,
			);
			path = Views;
			sourceTree = "<group>";
		};
		1CE96C652974C8B5000AD61A /* ViewControllers */ = {
			isa = PBXGroup;
			children = (
				1CE96C662974C8D4000AD61A /* BaseViewController.swift */,
			);
			path = ViewControllers;
			sourceTree = "<group>";
		};
		1CE96C6E2974DBAD000AD61A /* Helpers */ = {
			isa = PBXGroup;
			children = (
				1CE96C6F2974DBCE000AD61A /* StringExtension.swift */,
			);
			path = Helpers;
			sourceTree = "<group>";
		};
		1CE96C712974E531000AD61A /* Models */ = {
			isa = PBXGroup;
			children = (
				1CE96C722974E544000AD61A /* UserModel.swift */,
			);
			path = Models;
			sourceTree = "<group>";
		};
/* End PBXGroup section */

/* Begin PBXNativeTarget section */
		1C6BB2C02930B18E00042567 /* TourismApplication */ = {
			isa = PBXNativeTarget;
			buildConfigurationList = 1C6BB2D52930B18F00042567 /* Build configuration list for PBXNativeTarget "TourismApplication" */;
			buildPhases = (
				1C6BB2BD2930B18E00042567 /* Sources */,
				1C6BB2BE2930B18E00042567 /* Frameworks */,
				1C6BB2BF2930B18E00042567 /* Resources */,
			);
			buildRules = (
			);
			dependencies = (
			);
			name = TourismApplication;
			productName = TourismApplication;
			productReference = 1C6BB2C12930B18E00042567 /* TourismApplication.app */;
			productType = "com.apple.product-type.application";
		};
/* End PBXNativeTarget section */

/* Begin PBXProject section */
		1C6BB2B92930B18E00042567 /* Project object */ = {
			isa = PBXProject;
			attributes = {
				BuildIndependentTargetsInParallel = 1;
				LastSwiftUpdateCheck = 1400;
				LastUpgradeCheck = 1400;
				TargetAttributes = {
					1C6BB2C02930B18E00042567 = {
						CreatedOnToolsVersion = 14.0;
					};
				};
			};
			buildConfigurationList = 1C6BB2BC2930B18E00042567 /* Build configuration list for PBXProject "TourismApplication" */;
			compatibilityVersion = "Xcode 14.0";
			developmentRegion = en;
			hasScannedForEncodings = 0;
			knownRegions = (
				en,
				Base,
			);
			mainGroup = 1C6BB2B82930B18E00042567;
			productRefGroup = 1C6BB2C22930B18E00042567 /* Products */;
			projectDirPath = "";
			projectRoot = "";
			targets = (
				1C6BB2C02930B18E00042567 /* TourismApplication */,
			);
		};
/* End PBXProject section */

/* Begin PBXResourcesBuildPhase section */
		1C6BB2BF2930B18E00042567 /* Resources */ = {
			isa = PBXResourcesBuildPhase;
			buildActionMask = 2147483647;
			files = (
				1CE96C5C2974B69C000AD61A /* Auth.storyboard in Resources */,
				1C6BB2D12930B18F00042567 /* LaunchScreen.storyboard in Resources */,
				1C6BB2CE2930B18F00042567 /* Assets.xcassets in Resources */,
				1C6BB2CC2930B18E00042567 /* Main.storyboard in Resources */,
			);
			runOnlyForDeploymentPostprocessing = 0;
		};
/* End PBXResourcesBuildPhase section */

/* Begin PBXSourcesBuildPhase section */
		1C6BB2BD2930B18E00042567 /* Sources */ = {
			isa = PBXSourcesBuildPhase;
			buildActionMask = 2147483647;
			files = (
				1C6BB2C92930B18E00042567 /* ViewController.swift in Sources */,
				1C036C092974B03C0059A9D9 /* ApiAuthMethods.swift in Sources */,
				1C6BB2C52930B18E00042567 /* AppDelegate.swift in Sources */,
				1CE96C632974C1B2000AD61A /* ApiResult.swift in Sources */,
				1C036C062974AFDA0059A9D9 /* ApiManager.swift in Sources */,
				1CE96C692974CB4B000AD61A /* AppLoadingIndicator.swift in Sources */,
				1CE96C6B2974CBA4000AD61A /* ViewExtension.swift in Sources */,
				1CE96C672974C8D4000AD61A /* BaseViewController.swift in Sources */,
				1CE96C702974DBCE000AD61A /* StringExtension.swift in Sources */,
				1CE96C5F2974B9DE000AD61A /* AppTextField.swift in Sources */,
				1C6BB2DB2930BE5200042567 /* LoginVC.swift in Sources */,
				1CE96C6D2974D7A9000AD61A /* ApiConfigs.swift in Sources */,
				1C6BB2C72930B18E00042567 /* SceneDelegate.swift in Sources */,
				1CE96C732974E544000AD61A /* UserModel.swift in Sources */,
				1CE96C612974BABA000AD61A /* AppButton.swift in Sources */,
			);
			runOnlyForDeploymentPostprocessing = 0;
		};
/* End PBXSourcesBuildPhase section */

/* Begin PBXVariantGroup section */
		1C6BB2CA2930B18E00042567 /* Main.storyboard */ = {
			isa = PBXVariantGroup;
			children = (
				1C6BB2CB2930B18E00042567 /* Base */,
			);
			name = Main.storyboard;
			sourceTree = "<group>";
		};
		1C6BB2CF2930B18F00042567 /* LaunchScreen.storyboard */ = {
			isa = PBXVariantGroup;
			children = (
				1C6BB2D02930B18F00042567 /* Base */,
			);
			name = LaunchScreen.storyboard;
			sourceTree = "<group>";
		};
/* End PBXVariantGroup section */

/* Begin XCBuildConfiguration section */
		1C6BB2D32930B18F00042567 /* Debug */ = {
			isa = XCBuildConfiguration;
			buildSettings = {
				ALWAYS_SEARCH_USER_PATHS = NO;
				CLANG_ANALYZER_NONNULL = YES;
				CLANG_ANALYZER_NUMBER_OBJECT_CONVERSION = YES_AGGRESSIVE;
				CLANG_CXX_LANGUAGE_STANDARD = "gnu++20";
				CLANG_ENABLE_MODULES = YES;
				CLANG_ENABLE_OBJC_ARC = YES;
				CLANG_ENABLE_OBJC_WEAK = YES;
				CLANG_WARN_BLOCK_CAPTURE_AUTORELEASING = YES;
				CLANG_WARN_BOOL_CONVERSION = YES;
				CLANG_WARN_COMMA = YES;
				CLANG_WARN_CONSTANT_CONVERSION = YES;
				CLANG_WARN_DEPRECATED_OBJC_IMPLEMENTATIONS = YES;
				CLANG_WARN_DIRECT_OBJC_ISA_USAGE = YES_ERROR;
				CLANG_WARN_DOCUMENTATION_COMMENTS = YES;
				CLANG_WARN_EMPTY_BODY = YES;
				CLANG_WARN_ENUM_CONVERSION = YES;
				CLANG_WARN_INFINITE_RECURSION = YES;
				CLANG_WARN_INT_CONVERSION = YES;
				CLANG_WARN_NON_LITERAL_NULL_CONVERSION = YES;
				CLANG_WARN_OBJC_IMPLICIT_RETAIN_SELF = YES;
				CLANG_WARN_OBJC_LITERAL_CONVERSION = YES;
				CLANG_WARN_OBJC_ROOT_CLASS = YES_ERROR;
				CLANG_WARN_QUOTED_INCLUDE_IN_FRAMEWORK_HEADER = YES;
				CLANG_WARN_RANGE_LOOP_ANALYSIS = YES;
				CLANG_WARN_STRICT_PROTOTYPES = YES;
				CLANG_WARN_SUSPICIOUS_MOVE = YES;
				CLANG_WARN_UNGUARDED_AVAILABILITY = YES_AGGRESSIVE;
				CLANG_WARN_UNREACHABLE_CODE = YES;
				CLANG_WARN__DUPLICATE_METHOD_MATCH = YES;
				COPY_PHASE_STRIP = NO;
				DEBUG_INFORMATION_FORMAT = dwarf;
				ENABLE_STRICT_OBJC_MSGSEND = YES;
				ENABLE_TESTABILITY = YES;
				GCC_C_LANGUAGE_STANDARD = gnu11;
				GCC_DYNAMIC_NO_PIC = NO;
				GCC_NO_COMMON_BLOCKS = YES;
				GCC_OPTIMIZATION_LEVEL = 0;
				GCC_PREPROCESSOR_DEFINITIONS = (
					"DEBUG=1",
					"$(inherited)",
				);
				GCC_WARN_64_TO_32_BIT_CONVERSION = YES;
				GCC_WARN_ABOUT_RETURN_TYPE = YES_ERROR;
				GCC_WARN_UNDECLARED_SELECTOR = YES;
				GCC_WARN_UNINITIALIZED_AUTOS = YES_AGGRESSIVE;
				GCC_WARN_UNUSED_FUNCTION = YES;
				GCC_WARN_UNUSED_VARIABLE = YES;
				IPHONEOS_DEPLOYMENT_TARGET = 16.0;
				MTL_ENABLE_DEBUG_INFO = INCLUDE_SOURCE;
				MTL_FAST_MATH = YES;
				ONLY_ACTIVE_ARCH = YES;
				SDKROOT = iphoneos;
				SWIFT_ACTIVE_COMPILATION_CONDITIONS = DEBUG;
				SWIFT_OPTIMIZATION_LEVEL = "-Onone";
			};
			name = Debug;
		};
		1C6BB2D42930B18F00042567 /* Release */ = {
			isa = XCBuildConfiguration;
			buildSettings = {
				ALWAYS_SEARCH_USER_PATHS = NO;
				CLANG_ANALYZER_NONNULL = YES;
				CLANG_ANALYZER_NUMBER_OBJECT_CONVERSION = YES_AGGRESSIVE;
				CLANG_CXX_LANGUAGE_STANDARD = "gnu++20";
				CLANG_ENABLE_MODULES = YES;
				CLANG_ENABLE_OBJC_ARC = YES;
				CLANG_ENABLE_OBJC_WEAK = YES;
				CLANG_WARN_BLOCK_CAPTURE_AUTORELEASING = YES;
				CLANG_WARN_BOOL_CONVERSION = YES;
				CLANG_WARN_COMMA = YES;
				CLANG_WARN_CONSTANT_CONVERSION = YES;
				CLANG_WARN_DEPRECATED_OBJC_IMPLEMENTATIONS = YES;
				CLANG_WARN_DIRECT_OBJC_ISA_USAGE = YES_ERROR;
				CLANG_WARN_DOCUMENTATION_COMMENTS = YES;
				CLANG_WARN_EMPTY_BODY = YES;
				CLANG_WARN_ENUM_CONVERSION = YES;
				CLANG_WARN_INFINITE_RECURSION = YES;
				CLANG_WARN_INT_CONVERSION = YES;
				CLANG_WARN_NON_LITERAL_NULL_CONVERSION = YES;
				CLANG_WARN_OBJC_IMPLICIT_RETAIN_SELF = YES;
				CLANG_WARN_OBJC_LITERAL_CONVERSION = YES;
				CLANG_WARN_OBJC_ROOT_CLASS = YES_ERROR;
				CLANG_WARN_QUOTED_INCLUDE_IN_FRAMEWORK_HEADER = YES;
				CLANG_WARN_RANGE_LOOP_ANALYSIS = YES;
				CLANG_WARN_STRICT_PROTOTYPES = YES;
				CLANG_WARN_SUSPICIOUS_MOVE = YES;
				CLANG_WARN_UNGUARDED_AVAILABILITY = YES_AGGRESSIVE;
				CLANG_WARN_UNREACHABLE_CODE = YES;
				CLANG_WARN__DUPLICATE_METHOD_MATCH = YES;
				COPY_PHASE_STRIP = NO;
				DEBUG_INFORMATION_FORMAT = "dwarf-with-dsym";
				ENABLE_NS_ASSERTIONS = NO;
				ENABLE_STRICT_OBJC_MSGSEND = YES;
				GCC_C_LANGUAGE_STANDARD = gnu11;
				GCC_NO_COMMON_BLOCKS = YES;
				GCC_WARN_64_TO_32_BIT_CONVERSION = YES;
				GCC_WARN_ABOUT_RETURN_TYPE = YES_ERROR;
				GCC_WARN_UNDECLARED_SELECTOR = YES;
				GCC_WARN_UNINITIALIZED_AUTOS = YES_AGGRESSIVE;
				GCC_WARN_UNUSED_FUNCTION = YES;
				GCC_WARN_UNUSED_VARIABLE = YES;
				IPHONEOS_DEPLOYMENT_TARGET = 16.0;
				MTL_ENABLE_DEBUG_INFO = NO;
				MTL_FAST_MATH = YES;
				SDKROOT = iphoneos;
				SWIFT_COMPILATION_MODE = wholemodule;
				SWIFT_OPTIMIZATION_LEVEL = "-O";
				VALIDATE_PRODUCT = YES;
			};
			name = Release;
		};
		1C6BB2D62930B18F00042567 /* Debug */ = {
			isa = XCBuildConfiguration;
			buildSettings = {
				ASSETCATALOG_COMPILER_APPICON_NAME = AppIcon;
				ASSETCATALOG_COMPILER_GLOBAL_ACCENT_COLOR_NAME = AccentColor;
				CODE_SIGN_STYLE = Automatic;
				CURRENT_PROJECT_VERSION = 1;
				DEVELOPMENT_TEAM = 9F5S743WQS;
				GENERATE_INFOPLIST_FILE = YES;
				INFOPLIST_FILE = TourismApplication/Info.plist;
				INFOPLIST_KEY_UIApplicationSupportsIndirectInputEvents = YES;
				INFOPLIST_KEY_UILaunchStoryboardName = LaunchScreen;
				INFOPLIST_KEY_UIMainStoryboardFile = Main;
				INFOPLIST_KEY_UISupportedInterfaceOrientations_iPad = "UIInterfaceOrientationPortrait UIInterfaceOrientationPortraitUpsideDown UIInterfaceOrientationLandscapeLeft UIInterfaceOrientationLandscapeRight";
				INFOPLIST_KEY_UISupportedInterfaceOrientations_iPhone = "UIInterfaceOrientationPortrait UIInterfaceOrientationLandscapeLeft UIInterfaceOrientationLandscapeRight";
				LD_RUNPATH_SEARCH_PATHS = (
					"$(inherited)",
					"@executable_path/Frameworks",
				);
				MARKETING_VERSION = 1.0;
				PRODUCT_BUNDLE_IDENTIFIER = com.example.demoIos.TourismApplication;
				PRODUCT_NAME = "$(TARGET_NAME)";
				SWIFT_EMIT_LOC_STRINGS = YES;
				SWIFT_VERSION = 5.0;
				TARGETED_DEVICE_FAMILY = "1,2";
			};
			name = Debug;
		};
		1C6BB2D72930B18F00042567 /* Release */ = {
			isa = XCBuildConfiguration;
			buildSettings = {
				ASSETCATALOG_COMPILER_APPICON_NAME = AppIcon;
				ASSETCATALOG_COMPILER_GLOBAL_ACCENT_COLOR_NAME = AccentColor;
				CODE_SIGN_STYLE = Automatic;
				CURRENT_PROJECT_VERSION = 1;
				DEVELOPMENT_TEAM = 9F5S743WQS;
				GENERATE_INFOPLIST_FILE = YES;
				INFOPLIST_FILE = TourismApplication/Info.plist;
				INFOPLIST_KEY_UIApplicationSupportsIndirectInputEvents = YES;
				INFOPLIST_KEY_UILaunchStoryboardName = LaunchScreen;
				INFOPLIST_KEY_UIMainStoryboardFile = Main;
				INFOPLIST_KEY_UISupportedInterfaceOrientations_iPad = "UIInterfaceOrientationPortrait UIInterfaceOrientationPortraitUpsideDown UIInterfaceOrientationLandscapeLeft UIInterfaceOrientationLandscapeRight";
				INFOPLIST_KEY_UISupportedInterfaceOrientations_iPhone = "UIInterfaceOrientationPortrait UIInterfaceOrientationLandscapeLeft UIInterfaceOrientationLandscapeRight";
				LD_RUNPATH_SEARCH_PATHS = (
					"$(inherited)",
					"@executable_path/Frameworks",
				);
				MARKETING_VERSION = 1.0;
				PRODUCT_BUNDLE_IDENTIFIER = com.example.demoIos.TourismApplication;
				PRODUCT_NAME = "$(TARGET_NAME)";
				SWIFT_EMIT_LOC_STRINGS = YES;
				SWIFT_VERSION = 5.0;
				TARGETED_DEVICE_FAMILY = "1,2";
			};
			name = Release;
		};
/* End XCBuildConfiguration section */

/* Begin XCConfigurationList section */
		1C6BB2BC2930B18E00042567 /* Build configuration list for PBXProject "TourismApplication" */ = {
			isa = XCConfigurationList;
			buildConfigurations = (
				1C6BB2D32930B18F00042567 /* Debug */,
				1C6BB2D42930B18F00042567 /* Release */,
			);
			defaultConfigurationIsVisible = 0;
			defaultConfigurationName = Release;
		};
		1C6BB2D52930B18F00042567 /* Build configuration list for PBXNativeTarget "TourismApplication" */ = {
			isa = XCConfigurationList;
			buildConfigurations = (
				1C6BB2D62930B18F00042567 /* Debug */,
				1C6BB2D72930B18F00042567 /* Release */,
			);
			defaultConfigurationIsVisible = 0;
			defaultConfigurationName = Release;
		};
/* End XCConfigurationList section */
	};
	rootObject = 1C6BB2B92930B18E00042567 /* Project object */;
}
